<?xml version="1.0" encoding="utf-8"?>
<Project ToolsVersion="4.0" xmlns="http://schemas.microsoft.com/developer/msbuild/2003">
  <ItemGroup>
    <Filter Include="Source Files">
      <UniqueIdentifier>{4FC737F1-C7A5-4376-A066-2A32D752A2FF}</UniqueIdentifier>
      <Extensions>cpp;c;cc;cxx;def;odl;idl;hpj;bat;asm;asmx</Extensions>
    </Filter>
    <Filter Include="Resource Files">
      <UniqueIdentifier>{67DA6AB6-F800-4c08-8B7A-83BB121AAD01}</UniqueIdentifier>
      <Extensions>rc;ico;cur;bmp;dlg;rc2;rct;bin;rgs;gif;jpg;jpeg;jpe;resx;tiff;tif;png;wav;mfcribbon-ms</Extensions>
    </Filter>
    <Filter Include="Source Files\mgrs">
      <UniqueIdentifier>{91b9ae61-a251-4582-8890-97bf004a13f0}</UniqueIdentifier>
    </Filter>
    <Filter Include="Source Files\utils">
      <UniqueIdentifier>{900e5434-4707-424a-a218-8134f4b09aeb}</UniqueIdentifier>
    </Filter>
    <Filter Include="Source Files\utils\json">
      <UniqueIdentifier>{2d5bdac0-d346-49ae-8a21-f0c591025bcd}</UniqueIdentifier>
    </Filter>
    <Filter Include="Source Files\utils\moony">
      <UniqueIdentifier>{2da7e4de-5080-482e-967d-552ae1d20fe3}</UniqueIdentifier>
    </Filter>
    <Filter Include="Source Files\interfaces">
      <UniqueIdentifier>{1eff5e8a-9ff7-4441-aae2-9238ffda1758}</UniqueIdentifier>
    </Filter>
    <Filter Include="Header Files">
      <UniqueIdentifier>{93995380-89BD-4b04-88EB-625FBE52EBFB}</UniqueIdentifier>
      <Extensions>h;hh;hpp;hxx;hm;inl;inc;ipp;xsd</Extensions>
    </Filter>
    <Filter Include="Header Files\mgrs">
      <UniqueIdentifier>{9b07db7d-4531-4d06-92e3-dbe3fa7a80e9}</UniqueIdentifier>
    </Filter>
    <Filter Include="Header Files\utils">
      <UniqueIdentifier>{ce5c7ccc-fde9-499b-b6a7-1cc339f3e86e}</UniqueIdentifier>
    </Filter>
    <Filter Include="Header Files\utils\json">
      <UniqueIdentifier>{1ad745d4-511e-4c90-a382-34a64112ded3}</UniqueIdentifier>
    </Filter>
    <Filter Include="Header Files\utils\moony">
      <UniqueIdentifier>{0317faec-5309-49a1-9829-ece6d9e55fa3}</UniqueIdentifier>
    </Filter>
    <Filter Include="Header Files\interfaces">
      <UniqueIdentifier>{4175ee40-3e14-4d88-a630-6f51ad92e3bc}</UniqueIdentifier>
    </Filter>
    <Filter Include="Header Files\duktape">
      <UniqueIdentifier>{1c429f01-cff0-4f81-8cc6-22c3bada5cd7}</UniqueIdentifier>
    </Filter>
    <Filter Include="Source Files\duktape">
      <UniqueIdentifier>{da0b71ff-14a7-42ec-bb25-8755de8a2b5e}</UniqueIdentifier>
    </Filter>
  </ItemGroup>
  <ItemGroup>
    <ClInclude Include="main.h">
      <Filter>Header Files</Filter>
    </ClInclude>
    <ClInclude Include="Entity.h">
      <Filter>Header Files</Filter>
    </ClInclude>
    <ClInclude Include="Animation.h">
      <Filter>Header Files</Filter>
    </ClInclude>
    <ClInclude Include="Game.h">
      <Filter>Header Files</Filter>
    </ClInclude>
    <ClInclude Include="ResourceManager.h">
      <Filter>Header Files\mgrs</Filter>
    </ClInclude>
    <ClInclude Include="TextureManager.h">
      <Filter>Header Files\mgrs</Filter>
    </ClInclude>
    <ClInclude Include="SpriteManager.h">
      <Filter>Header Files\mgrs</Filter>
    </ClInclude>
    <ClInclude Include="InputManager.h">
      <Filter>Header Files\mgrs</Filter>
    </ClInclude>
    <ClInclude Include="moony\TextureAtlas.h">
      <Filter>Header Files\utils\moony</Filter>
    </ClInclude>
    <ClInclude Include="moony\Texture.h">
      <Filter>Header Files\utils\moony</Filter>
    </ClInclude>
    <ClInclude Include="moony\SpriteBatch.h">
      <Filter>Header Files\utils\moony</Filter>
    </ClInclude>
    <ClInclude Include="moony\Sprite.h">
      <Filter>Header Files\utils\moony</Filter>
    </ClInclude>
    <ClInclude Include="moony\Log.h">
      <Filter>Header Files\utils\moony</Filter>
    </ClInclude>
    <ClInclude Include="json-forwards.h">
      <Filter>Header Files\utils\json</Filter>
    </ClInclude>
    <ClInclude Include="json.h">
      <Filter>Header Files\utils\json</Filter>
    </ClInclude>
    <ClInclude Include="Player.h">
      <Filter>Header Files</Filter>
    </ClInclude>
    <ClInclude Include="Resource.h">
      <Filter>Header Files</Filter>
    </ClInclude>
    <ClInclude Include="Interfaces.h">
      <Filter>Header Files\interfaces</Filter>
    </ClInclude>
    <ClInclude Include="IUnknown.h">
      <Filter>Header Files\interfaces</Filter>
    </ClInclude>
    <ClInclude Include="Manager.h">
      <Filter>Header Files\mgrs</Filter>
    </ClInclude>
    <ClInclude Include="EventManager.h">
      <Filter>Header Files\mgrs</Filter>
    </ClInclude>
    <ClInclude Include="UnkSmartPtr.h">
      <Filter>Header Files\interfaces</Filter>
    </ClInclude>
    <ClInclude Include="duktape\duk_config.h">
      <Filter>Header Files\duktape</Filter>
    </ClInclude>
    <ClInclude Include="duktape\duktape.h">
      <Filter>Header Files\duktape</Filter>
    </ClInclude>
    <ClInclude Include="DuktapeRunner.h">
      <Filter>Header Files</Filter>
    </ClInclude>
    <ClInclude Include="Factories.h">
      <Filter>Header Files</Filter>
    </ClInclude>
    <ClInclude Include="Map.h">
      <Filter>Header Files</Filter>
    </ClInclude>
  </ItemGroup>
  <ItemGroup>
    <ClCompile Include="main.cpp">
      <Filter>Source Files</Filter>
    </ClCompile>
    <ClCompile Include="Entity.cpp">
      <Filter>Source Files</Filter>
    </ClCompile>
    <ClCompile Include="Animation.cpp">
      <Filter>Source Files</Filter>
    </ClCompile>
    <ClCompile Include="Game.cpp">
      <Filter>Source Files</Filter>
    </ClCompile>
    <ClCompile Include="ResourceManager.cpp">
      <Filter>Source Files\mgrs</Filter>
    </ClCompile>
    <ClCompile Include="InputManager.cpp">
      <Filter>Source Files\mgrs</Filter>
    </ClCompile>
    <ClCompile Include="SpriteManager.cpp">
      <Filter>Source Files\mgrs</Filter>
    </ClCompile>
    <ClCompile Include="TextureManager.cpp">
      <Filter>Source Files\mgrs</Filter>
    </ClCompile>
    <ClCompile Include="jsoncpp.cpp">
      <Filter>Source Files\utils\json</Filter>
    </ClCompile>
    <ClCompile Include="moony\Log.cpp">
      <Filter>Source Files\utils\moony</Filter>
    </ClCompile>
    <ClCompile Include="moony\TextureAtlas.cpp">
      <Filter>Source Files\utils\moony</Filter>
    </ClCompile>
    <ClCompile Include="moony\Texture.cpp">
      <Filter>Source Files\utils\moony</Filter>
    </ClCompile>
    <ClCompile Include="moony\SpriteBatch.cpp">
      <Filter>Source Files\utils\moony</Filter>
    </ClCompile>
    <ClCompile Include="moony\Sprite.cpp">
      <Filter>Source Files\utils\moony</Filter>
    </ClCompile>
    <ClCompile Include="Player.cpp">
      <Filter>Source Files</Filter>
    </ClCompile>
    <ClCompile Include="Resource.cpp">
      <Filter>Source Files</Filter>
    </ClCompile>
    <ClCompile Include="IUnknown.cpp">
      <Filter>Source Files\interfaces</Filter>
    </ClCompile>
    <ClCompile Include="Manager.cpp">
      <Filter>Source Files\mgrs</Filter>
    </ClCompile>
    <ClCompile Include="EventManager.cpp">
      <Filter>Source Files\mgrs</Filter>
    </ClCompile>
    <ClCompile Include="duktape\duktape.c">
      <Filter>Source Files\duktape</Filter>
    </ClCompile>
    <ClCompile Include="DuktapeRunner.cpp">
      <Filter>Source Files</Filter>
    </ClCompile>
    <ClCompile Include="Map.cpp">
      <Filter>Source Files</Filter>
    </ClCompile>
  </ItemGroup>
  <ItemGroup>
    <ResourceCompile Include="ConsoleApplication1.rc">
      <Filter>Resource Files</Filter>
    </ResourceCompile>
  </ItemGroup>
  <ItemGroup>
    <None Include="data.json">
      <Filter>Resource Files</Filter>
    </None>
    <None Include="animation_map.json">
      <Filter>Resource Files</Filter>
    </None>
  </ItemGroup>
  <ItemGroup>
    <Image Include="makepng.png">
      <Filter>Resource Files</Filter>
    </Image>
    <Image Include="bob.jpg">
      <Filter>Resource Files</Filter>
    </Image>
  </ItemGroup>
</Project>